
Microsoft Visual Studio Solution File, Format Version 12.00
# Visual Studio Version 16
VisualStudioVersion = 16.0.30804.86
MinimumVisualStudioVersion = 10.0.40219.1
Project("{FAE04EC0-301F-11D3-BF4B-00C04F79EFBC}") = "CBU2SINIFPROJE.WPFUI", "CBU2SINIFPROJE.WPFUI\CBU2SINIFPROJE.WPFUI.csproj", "{8BA76806-A754-4576-AB16-28F18D245EA6}"
EndProject
Project("{FAE04EC0-301F-11D3-BF4B-00C04F79EFBC}") = "CBU2SINIFPROJE.Entities", "CBU2SINIFPROJE.Entities\CBU2SINIFPROJE.Entities.csproj", "{5164976C-23BE-4BB0-858A-0C9D82F39497}"
EndProject
Project("{FAE04EC0-301F-11D3-BF4B-00C04F79EFBC}") = "CBU2SINIFPROJE.DAL", "CBU2SINIFPROJE.DAL\CBU2SINIFPROJE.DAL.csproj", "{492E6CEE-6C33-4EAC-9A32-C802DB8A79E9}"
EndProject
Project("{FAE04EC0-301F-11D3-BF4B-00C04F79EFBC}") = "CBU2SINIFPROJE.BLL", "CBU2SINIFPROJE.BLL\CBU2SINIFPROJE.BLL.csproj", "{340A3592-C807-4176-989C-DB0DF1F12320}"
EndProject
Project("{FAE04EC0-301F-11D3-BF4B-00C04F79EFBC}") = "CBU2SINIFPROJE.DTO", "CBU2SINIFPROJE.DTO\CBU2SINIFPROJE.DTO.csproj", "{199025F7-5592-4EF6-AC01-D28D531ECB3F}"
EndProject
Project("{FAE04EC0-301F-11D3-BF4B-00C04F79EFBC}") = "CBU2SINIFPROJE.Core", "CBU2SINIFPROJE.Core\CBU2SINIFPROJE.Core.csproj", "{C0ED1F15-4BD2-4EE1-A9BF-DF58F5C16BE8}"
EndProject
Global
	GlobalSection(SolutionConfigurationPlatforms) = preSolution
		Debug|Any CPU = Debug|Any CPU
		Release|Any CPU = Release|Any CPU
	EndGlobalSection
	GlobalSection(ProjectConfigurationPlatforms) = postSolution
		{8BA76806-A754-4576-AB16-28F18D245EA6}.Debug|Any CPU.ActiveCfg = Debug|Any CPU
		{8BA76806-A754-4576-AB16-28F18D245EA6}.Debug|Any CPU.Build.0 = Debug|Any CPU
		{8BA76806-A754-4576-AB16-28F18D245EA6}.Release|Any CPU.ActiveCfg = Release|Any CPU
		{8BA76806-A754-4576-AB16-28F18D245EA6}.Release|Any CPU.Build.0 = Release|Any CPU
		{5164976C-23BE-4BB0-858A-0C9D82F39497}.Debug|Any CPU.ActiveCfg = Debug|Any CPU
		{5164976C-23BE-4BB0-858A-0C9D82F39497}.Debug|Any CPU.Build.0 = Debug|Any CPU
		{5164976C-23BE-4BB0-858A-0C9D82F39497}.Release|Any CPU.ActiveCfg = Release|Any CPU
		{5164976C-23BE-4BB0-858A-0C9D82F39497}.Release|Any CPU.Build.0 = Release|Any CPU
		{492E6CEE-6C33-4EAC-9A32-C802DB8A79E9}.Debug|Any CPU.ActiveCfg = Debug|Any CPU
		{492E6CEE-6C33-4EAC-9A32-C802DB8A79E9}.Debug|Any CPU.Build.0 = Debug|Any CPU
		{492E6CEE-6C33-4EAC-9A32-C802DB8A79E9}.Release|Any CPU.ActiveCfg = Release|Any CPU
		{492E6CEE-6C33-4EAC-9A32-C802DB8A79E9}.Release|Any CPU.Build.0 = Release|Any CPU
		{340A3592-C807-4176-989C-DB0DF1F12320}.Debug|Any CPU.ActiveCfg = Debug|Any CPU
		{340A3592-C807-4176-989C-DB0DF1F12320}.Debug|Any CPU.Build.0 = Debug|Any CPU
		{340A3592-C807-4176-989C-DB0DF1F12320}.Release|Any CPU.ActiveCfg = Release|Any CPU
		{340A3592-C807-4176-989C-DB0DF1F12320}.Release|Any CPU.Build.0 = Release|Any CPU
		{199025F7-5592-4EF6-AC01-D28D531ECB3F}.Debug|Any CPU.ActiveCfg = Debug|Any CPU
		{199025F7-5592-4EF6-AC01-D28D531ECB3F}.Debug|Any CPU.Build.0 = Debug|Any CPU
		{199025F7-5592-4EF6-AC01-D28D531ECB3F}.Release|Any CPU.ActiveCfg = Release|Any CPU
		{199025F7-5592-4EF6-AC01-D28D531ECB3F}.Release|Any CPU.Build.0 = Release|Any CPU
		{C0ED1F15-4BD2-4EE1-A9BF-DF58F5C16BE8}.Debug|Any CPU.ActiveCfg = Debug|Any CPU
		{C0ED1F15-4BD2-4EE1-A9BF-DF58F5C16BE8}.Debug|Any CPU.Build.0 = Debug|Any CPU
		{C0ED1F15-4BD2-4EE1-A9BF-DF58F5C16BE8}.Release|Any CPU.ActiveCfg = Release|Any CPU
		{C0ED1F15-4BD2-4EE1-A9BF-DF58F5C16BE8}.Release|Any CPU.Build.0 = Release|Any CPU
	EndGlobalSection
	GlobalSection(SolutionProperties) = preSolution
		HideSolutionNode = FALSE
	EndGlobalSection
	GlobalSection(ExtensibilityGlobals) = postSolution
		SolutionGuid = {069AFEE1-08E7-4660-BA0B-551F534C31BF}
	EndGlobalSection
EndGlobal
